
Microsoft Visual Studio Solution File, Format Version 12.00
# Visual Studio Version 16
VisualStudioVersion = 16.0.29806.167
MinimumVisualStudioVersion = 10.0.40219.1
Project("{FAE04EC0-301F-11D3-BF4B-00C04F79EFBC}") = "AsteroidGame_2020", "AsteroidGame_2020\AsteroidGame_2020.csproj", "{2CFCE048-5499-49C8-B80C-802A34155DB9}"
EndProject
Global
	GlobalSection(SolutionConfigurationPlatforms) = preSolution
		Debug|Any CPU = Debug|Any CPU
		Release|Any CPU = Release|Any CPU
	EndGlobalSection
	GlobalSection(ProjectConfigurationPlatforms) = postSolution
		{2CFCE048-5499-49C8-B80C-802A34155DB9}.Debug|Any CPU.ActiveCfg = Debug|Any CPU
		{2CFCE048-5499-49C8-B80C-802A34155DB9}.Debug|Any CPU.Build.0 = Debug|Any CPU
		{2CFCE048-5499-49C8-B80C-802A34155DB9}.Release|Any CPU.ActiveCfg = Release|Any CPU
		{2CFCE048-5499-49C8-B80C-802A34155DB9}.Release|Any CPU.Build.0 = Release|Any CPU
	EndGlobalSection
	GlobalSection(SolutionProperties) = preSolution
		HideSolutionNode = FALSE
	EndGlobalSection
	GlobalSection(ExtensibilityGlobals) = postSolution
		SolutionGuid = {7A916D57-AE74-4B86-B4AE-6B7E56824F03}
	EndGlobalSection
EndGlobal
